
Microsoft Visual Studio Solution File, Format Version 12.00
# Visual Studio Version 17
VisualStudioVersion = 17.0.32112.339
MinimumVisualStudioVersion = 10.0.40219.1
Project("{2150E333-8FDC-42A3-9474-1A3956D46DE8}") = "Test", "Test", "{A68999F0-27FF-477D-8AD9-568920CEC512}"
EndProject
Project("{2150E333-8FDC-42A3-9474-1A3956D46DE8}") = "data", "data", "{537468AD-A633-470C-9F3A-996AAC7A59BD}"
EndProject
Project("{9A19103F-16F7-4668-BE54-9A1E7A4F7556}") = "Inventory.Models", "Inventory.Models\Inventory.Models.csproj", "{A18C4629-CA2F-4E6C-B399-08F402D08FC8}"
EndProject
Project("{9A19103F-16F7-4668-BE54-9A1E7A4F7556}") = "Inventory.UnitOfWork", "Inventory.UnitOfWork\Inventory.UnitOfWork.csproj", "{B49E7011-43D4-4A7A-BBFB-15ACBED67CF6}"
EndProject
Project("{9A19103F-16F7-4668-BE54-9A1E7A4F7556}") = "Inventory.DataAccess", "Inventory.DataAccess\Inventory.DataAccess.csproj", "{A5B2F8F8-22C1-439C-874F-951060BFEA96}"
EndProject
Project("{9A19103F-16F7-4668-BE54-9A1E7A4F7556}") = "Inventory.Repositories", "Inventory.Repositories\Inventory.Repositories.csproj", "{674DC3F2-6A64-4B6F-8DFE-4560503CCC1A}"
EndProject
Project("{2150E333-8FDC-42A3-9474-1A3956D46DE8}") = "Web", "Web", "{90F4082E-2012-4020-81E3-D0A86A11F8CB}"
EndProject
Project("{9A19103F-16F7-4668-BE54-9A1E7A4F7556}") = "Inventory.WebApi", "Inventory.WebApi\Inventory.WebApi.csproj", "{CE83F719-7A3C-4CE1-9810-4D755A05C703}"
EndProject
Project("{FAE04EC0-301F-11D3-BF4B-00C04F79EFBC}") = "Inventory.Business", "Inventory.Business\Inventory.Business.csproj", "{1D803AD4-4775-4830-8E49-29C8E71BEA59}"
EndProject
Project("{FAE04EC0-301F-11D3-BF4B-00C04F79EFBC}") = "Inventory.Tests", "Inventory.Tests\Inventory.Tests.csproj", "{98DCA96C-7923-4700-8671-97CDCB923152}"
EndProject
Global
	GlobalSection(SolutionConfigurationPlatforms) = preSolution
		Debug|Any CPU = Debug|Any CPU
		Release|Any CPU = Release|Any CPU
	EndGlobalSection
	GlobalSection(ProjectConfigurationPlatforms) = postSolution
		{A18C4629-CA2F-4E6C-B399-08F402D08FC8}.Debug|Any CPU.ActiveCfg = Debug|Any CPU
		{A18C4629-CA2F-4E6C-B399-08F402D08FC8}.Debug|Any CPU.Build.0 = Debug|Any CPU
		{A18C4629-CA2F-4E6C-B399-08F402D08FC8}.Release|Any CPU.ActiveCfg = Release|Any CPU
		{A18C4629-CA2F-4E6C-B399-08F402D08FC8}.Release|Any CPU.Build.0 = Release|Any CPU
		{B49E7011-43D4-4A7A-BBFB-15ACBED67CF6}.Debug|Any CPU.ActiveCfg = Debug|Any CPU
		{B49E7011-43D4-4A7A-BBFB-15ACBED67CF6}.Debug|Any CPU.Build.0 = Debug|Any CPU
		{B49E7011-43D4-4A7A-BBFB-15ACBED67CF6}.Release|Any CPU.ActiveCfg = Release|Any CPU
		{B49E7011-43D4-4A7A-BBFB-15ACBED67CF6}.Release|Any CPU.Build.0 = Release|Any CPU
		{A5B2F8F8-22C1-439C-874F-951060BFEA96}.Debug|Any CPU.ActiveCfg = Debug|Any CPU
		{A5B2F8F8-22C1-439C-874F-951060BFEA96}.Debug|Any CPU.Build.0 = Debug|Any CPU
		{A5B2F8F8-22C1-439C-874F-951060BFEA96}.Release|Any CPU.ActiveCfg = Release|Any CPU
		{A5B2F8F8-22C1-439C-874F-951060BFEA96}.Release|Any CPU.Build.0 = Release|Any CPU
		{674DC3F2-6A64-4B6F-8DFE-4560503CCC1A}.Debug|Any CPU.ActiveCfg = Debug|Any CPU
		{674DC3F2-6A64-4B6F-8DFE-4560503CCC1A}.Debug|Any CPU.Build.0 = Debug|Any CPU
		{674DC3F2-6A64-4B6F-8DFE-4560503CCC1A}.Release|Any CPU.ActiveCfg = Release|Any CPU
		{674DC3F2-6A64-4B6F-8DFE-4560503CCC1A}.Release|Any CPU.Build.0 = Release|Any CPU
		{CE83F719-7A3C-4CE1-9810-4D755A05C703}.Debug|Any CPU.ActiveCfg = Debug|Any CPU
		{CE83F719-7A3C-4CE1-9810-4D755A05C703}.Debug|Any CPU.Build.0 = Debug|Any CPU
		{CE83F719-7A3C-4CE1-9810-4D755A05C703}.Release|Any CPU.ActiveCfg = Release|Any CPU
		{CE83F719-7A3C-4CE1-9810-4D755A05C703}.Release|Any CPU.Build.0 = Release|Any CPU
		{1D803AD4-4775-4830-8E49-29C8E71BEA59}.Debug|Any CPU.ActiveCfg = Debug|Any CPU
		{1D803AD4-4775-4830-8E49-29C8E71BEA59}.Debug|Any CPU.Build.0 = Debug|Any CPU
		{1D803AD4-4775-4830-8E49-29C8E71BEA59}.Release|Any CPU.ActiveCfg = Release|Any CPU
		{1D803AD4-4775-4830-8E49-29C8E71BEA59}.Release|Any CPU.Build.0 = Release|Any CPU
		{98DCA96C-7923-4700-8671-97CDCB923152}.Debug|Any CPU.ActiveCfg = Debug|Any CPU
		{98DCA96C-7923-4700-8671-97CDCB923152}.Debug|Any CPU.Build.0 = Debug|Any CPU
		{98DCA96C-7923-4700-8671-97CDCB923152}.Release|Any CPU.ActiveCfg = Release|Any CPU
		{98DCA96C-7923-4700-8671-97CDCB923152}.Release|Any CPU.Build.0 = Release|Any CPU
	EndGlobalSection
	GlobalSection(SolutionProperties) = preSolution
		HideSolutionNode = FALSE
	EndGlobalSection
	GlobalSection(NestedProjects) = preSolution
		{A18C4629-CA2F-4E6C-B399-08F402D08FC8} = {537468AD-A633-470C-9F3A-996AAC7A59BD}
		{B49E7011-43D4-4A7A-BBFB-15ACBED67CF6} = {537468AD-A633-470C-9F3A-996AAC7A59BD}
		{A5B2F8F8-22C1-439C-874F-951060BFEA96} = {537468AD-A633-470C-9F3A-996AAC7A59BD}
		{674DC3F2-6A64-4B6F-8DFE-4560503CCC1A} = {537468AD-A633-470C-9F3A-996AAC7A59BD}
		{CE83F719-7A3C-4CE1-9810-4D755A05C703} = {90F4082E-2012-4020-81E3-D0A86A11F8CB}
		{1D803AD4-4775-4830-8E49-29C8E71BEA59} = {537468AD-A633-470C-9F3A-996AAC7A59BD}
		{98DCA96C-7923-4700-8671-97CDCB923152} = {A68999F0-27FF-477D-8AD9-568920CEC512}
	EndGlobalSection
	GlobalSection(ExtensibilityGlobals) = postSolution
		SolutionGuid = {CD502302-F6BF-402E-B78E-21047A7123E1}
	EndGlobalSection
EndGlobal
